
Microsoft Visual Studio Solution File, Format Version 12.00
# Visual Studio Version 16
VisualStudioVersion = 16.0.31205.134
MinimumVisualStudioVersion = 10.0.40219.1
Project("{9A19103F-16F7-4668-BE54-9A1E7A4F7556}") = "SL.DisbursementService", "SL.DisbursementService\SL.DisbursementService.csproj", "{A47F9D33-3698-47AC-ACFE-456E1B2CEBAA}"
EndProject
Project("{FAE04EC0-301F-11D3-BF4B-00C04F79EFBC}") = "SL.Domain", "SL.Domain\SL.Domain.csproj", "{20B1C035-AF44-4123-A31A-001AE26B35CF}"
EndProject
Global
	GlobalSection(SolutionConfigurationPlatforms) = preSolution
		Debug|Any CPU = Debug|Any CPU
		Release|Any CPU = Release|Any CPU
	EndGlobalSection
	GlobalSection(ProjectConfigurationPlatforms) = postSolution
		{A47F9D33-3698-47AC-ACFE-456E1B2CEBAA}.Debug|Any CPU.ActiveCfg = Debug|Any CPU
		{A47F9D33-3698-47AC-ACFE-456E1B2CEBAA}.Debug|Any CPU.Build.0 = Debug|Any CPU
		{A47F9D33-3698-47AC-ACFE-456E1B2CEBAA}.Release|Any CPU.ActiveCfg = Release|Any CPU
		{A47F9D33-3698-47AC-ACFE-456E1B2CEBAA}.Release|Any CPU.Build.0 = Release|Any CPU
		{20B1C035-AF44-4123-A31A-001AE26B35CF}.Debug|Any CPU.ActiveCfg = Debug|Any CPU
		{20B1C035-AF44-4123-A31A-001AE26B35CF}.Debug|Any CPU.Build.0 = Debug|Any CPU
		{20B1C035-AF44-4123-A31A-001AE26B35CF}.Release|Any CPU.ActiveCfg = Release|Any CPU
		{20B1C035-AF44-4123-A31A-001AE26B35CF}.Release|Any CPU.Build.0 = Release|Any CPU
	EndGlobalSection
	GlobalSection(SolutionProperties) = preSolution
		HideSolutionNode = FALSE
	EndGlobalSection
	GlobalSection(ExtensibilityGlobals) = postSolution
		SolutionGuid = {F3A46AC4-2212-416B-8666-8FDB27772A6B}
	EndGlobalSection
EndGlobal
